
Microsoft Visual Studio Solution File, Format Version 12.00
# Visual Studio Version 17
VisualStudioVersion = 17.14.36414.22
MinimumVisualStudioVersion = 10.0.40219.1
Project("{FAE04EC0-301F-11D3-BF4B-00C04F79EFBC}") = "task02", "task02\task02.csproj", "{31607046-3CC4-439C-833E-0A9DD88287AE}"
EndProject
Project("{FAE04EC0-301F-11D3-BF4B-00C04F79EFBC}") = "task02tests", "task02tests\task02tests.csproj", "{F42464C2-D5FB-4237-8AF6-090FC44FD200}"
EndProject
Global
	GlobalSection(SolutionConfigurationPlatforms) = preSolution
		Debug|Any CPU = Debug|Any CPU
		Release|Any CPU = Release|Any CPU
	EndGlobalSection
	GlobalSection(ProjectConfigurationPlatforms) = postSolution
		{31607046-3CC4-439C-833E-0A9DD88287AE}.Debug|Any CPU.ActiveCfg = Debug|Any CPU
		{31607046-3CC4-439C-833E-0A9DD88287AE}.Debug|Any CPU.Build.0 = Debug|Any CPU
		{31607046-3CC4-439C-833E-0A9DD88287AE}.Release|Any CPU.ActiveCfg = Release|Any CPU
		{31607046-3CC4-439C-833E-0A9DD88287AE}.Release|Any CPU.Build.0 = Release|Any CPU
		{F42464C2-D5FB-4237-8AF6-090FC44FD200}.Debug|Any CPU.ActiveCfg = Debug|Any CPU
		{F42464C2-D5FB-4237-8AF6-090FC44FD200}.Debug|Any CPU.Build.0 = Debug|Any CPU
		{F42464C2-D5FB-4237-8AF6-090FC44FD200}.Release|Any CPU.ActiveCfg = Release|Any CPU
		{F42464C2-D5FB-4237-8AF6-090FC44FD200}.Release|Any CPU.Build.0 = Release|Any CPU
	EndGlobalSection
	GlobalSection(SolutionProperties) = preSolution
		HideSolutionNode = FALSE
	EndGlobalSection
	GlobalSection(ExtensibilityGlobals) = postSolution
		SolutionGuid = {375A24F1-0929-4966-BBD2-5AAABC5172D7}
	EndGlobalSection
EndGlobal
